
Microsoft Visual Studio Solution File, Format Version 12.00
# Visual Studio 15
VisualStudioVersion = 15.0.26403.3
MinimumVisualStudioVersion = 10.0.40219.1
Project("{9A19103F-16F7-4668-BE54-9A1E7A4F7556}") = "Register", "AWSLambda1\Register.csproj", "{868B7584-5AFA-4D86-B5FF-184FBC2829C5}"
EndProject
Project("{9A19103F-16F7-4668-BE54-9A1E7A4F7556}") = "Rekognize", "Rekognize\Rekognize.csproj", "{FCFE89AA-5993-4C00-8FD1-9D166666FBA6}"
EndProject
Global
	GlobalSection(SolutionConfigurationPlatforms) = preSolution
		Debug|Any CPU = Debug|Any CPU
		Release|Any CPU = Release|Any CPU
	EndGlobalSection
	GlobalSection(ProjectConfigurationPlatforms) = postSolution
		{868B7584-5AFA-4D86-B5FF-184FBC2829C5}.Debug|Any CPU.ActiveCfg = Debug|Any CPU
		{868B7584-5AFA-4D86-B5FF-184FBC2829C5}.Debug|Any CPU.Build.0 = Debug|Any CPU
		{868B7584-5AFA-4D86-B5FF-184FBC2829C5}.Release|Any CPU.ActiveCfg = Release|Any CPU
		{868B7584-5AFA-4D86-B5FF-184FBC2829C5}.Release|Any CPU.Build.0 = Release|Any CPU
		{FCFE89AA-5993-4C00-8FD1-9D166666FBA6}.Debug|Any CPU.ActiveCfg = Debug|Any CPU
		{FCFE89AA-5993-4C00-8FD1-9D166666FBA6}.Debug|Any CPU.Build.0 = Debug|Any CPU
		{FCFE89AA-5993-4C00-8FD1-9D166666FBA6}.Release|Any CPU.ActiveCfg = Release|Any CPU
		{FCFE89AA-5993-4C00-8FD1-9D166666FBA6}.Release|Any CPU.Build.0 = Release|Any CPU
	EndGlobalSection
	GlobalSection(SolutionProperties) = preSolution
		HideSolutionNode = FALSE
	EndGlobalSection
EndGlobal
